
Microsoft Visual Studio Solution File, Format Version 12.00
# Visual Studio Version 16
VisualStudioVersion = 16.0.30907.101
MinimumVisualStudioVersion = 10.0.40219.1
Project("{FAE04EC0-301F-11D3-BF4B-00C04F79EFBC}") = "IDBuilder4", "IDBuilder4\IDBuilder4.csproj", "{38A35412-3208-4E84-9F80-1C561EB7C858}"
EndProject
Global
	GlobalSection(SolutionConfigurationPlatforms) = preSolution
		Debug|Any CPU = Debug|Any CPU
		Release|Any CPU = Release|Any CPU
	EndGlobalSection
	GlobalSection(ProjectConfigurationPlatforms) = postSolution
		{38A35412-3208-4E84-9F80-1C561EB7C858}.Debug|Any CPU.ActiveCfg = Debug|Any CPU
		{38A35412-3208-4E84-9F80-1C561EB7C858}.Debug|Any CPU.Build.0 = Debug|Any CPU
		{38A35412-3208-4E84-9F80-1C561EB7C858}.Release|Any CPU.ActiveCfg = Release|Any CPU
		{38A35412-3208-4E84-9F80-1C561EB7C858}.Release|Any CPU.Build.0 = Release|Any CPU
	EndGlobalSection
	GlobalSection(SolutionProperties) = preSolution
		HideSolutionNode = FALSE
	EndGlobalSection
	GlobalSection(ExtensibilityGlobals) = postSolution
		SolutionGuid = {52A221FD-D580-4569-A907-821552189595}
	EndGlobalSection
EndGlobal
